
Microsoft Visual Studio Solution File, Format Version 12.00
# Visual Studio Version 17
VisualStudioVersion = 17.8.34330.188
MinimumVisualStudioVersion = 10.0.40219.1
Project("{FAE04EC0-301F-11D3-BF4B-00C04F79EFBC}") = "Secure-The-Code", "Secure-The-Code\Secure-The-Code.csproj", "{B58176FF-9EA9-4AAA-9410-E424BF6DEB15}"
EndProject
Global
	GlobalSection(SolutionConfigurationPlatforms) = preSolution
		Debug|Any CPU = Debug|Any CPU
		Release|Any CPU = Release|Any CPU
	EndGlobalSection
	GlobalSection(ProjectConfigurationPlatforms) = postSolution
		{B58176FF-9EA9-4AAA-9410-E424BF6DEB15}.Debug|Any CPU.ActiveCfg = Debug|Any CPU
		{B58176FF-9EA9-4AAA-9410-E424BF6DEB15}.Debug|Any CPU.Build.0 = Debug|Any CPU
		{B58176FF-9EA9-4AAA-9410-E424BF6DEB15}.Release|Any CPU.ActiveCfg = Release|Any CPU
		{B58176FF-9EA9-4AAA-9410-E424BF6DEB15}.Release|Any CPU.Build.0 = Release|Any CPU
	EndGlobalSection
	GlobalSection(SolutionProperties) = preSolution
		HideSolutionNode = FALSE
	EndGlobalSection
	GlobalSection(ExtensibilityGlobals) = postSolution
		SolutionGuid = {EDDB2A23-82A9-4503-B04A-899B7CBB4AC8}
	EndGlobalSection
EndGlobal
